// !$*UTF8*$!
{
	archiveVersion = 1;
	classes = {
	};
	objectVersion = 54;
	objects = {

/* Begin PBXBuildFile section */
		00E356F31AD99517003FC87E /* MyDayPayDayTests.m in Sources */ = {isa = PBXBuildFile; fileRef = 00E356F21AD99517003FC87E /* MyDayPayDayTests.m */; };
		0C80B921A6F3F58F76C31292 /* libPods-MyDayPayDay.a in Frameworks */ = {isa = PBXBuildFile; fileRef = 5DCACB8F33CDC322A6C60F78 /* libPods-MyDayPayDay.a */; };
		12634D44371F43F18A48F81E /* Overpass-Medium.ttf in Resources */ = {isa = PBXBuildFile; fileRef = 5FD33C95C57C4E4B841F1DFC /* Overpass-Medium.ttf */; };
		129DB44192524DC98F527D4A /* Overpass-BoldItalic.ttf in Resources */ = {isa = PBXBuildFile; fileRef = 731FAD04590E4238AE1C8FE1 /* Overpass-BoldItalic.ttf */; };
		13B07FBC1A68108700A75B9A /* AppDelegate.mm in Sources */ = {isa = PBXBuildFile; fileRef = 13B07FB01A68108700A75B9A /* AppDelegate.mm */; };
		13B07FBF1A68108700A75B9A /* Images.xcassets in Resources */ = {isa = PBXBuildFile; fileRef = 13B07FB51A68108700A75B9A /* Images.xcassets */; };
		13B07FC11A68108700A75B9A /* main.m in Sources */ = {isa = PBXBuildFile; fileRef = 13B07FB71A68108700A75B9A /* main.m */; };
		17088CC86D364DA4980642D6 /* Overpass-ExtraLight.ttf in Resources */ = {isa = PBXBuildFile; fileRef = FC862D87DE2548ACAA050218 /* Overpass-ExtraLight.ttf */; };
		1D669CA9BC384C8F9FBE1628 /* Overpass-ExtraBold.ttf in Resources */ = {isa = PBXBuildFile; fileRef = B34564AEA73E4F25B079BEE0 /* Overpass-ExtraBold.ttf */; };
		1DC7EF3D2C0C480DAF0F3764 /* Overpass-SemiBoldItalic.ttf in Resources */ = {isa = PBXBuildFile; fileRef = E1F26CC1C8AA4EA48CACB5A1 /* Overpass-SemiBoldItalic.ttf */; };
		256D1948EBCC336816114E78 /* PrivacyInfo.xcprivacy in Resources */ = {isa = PBXBuildFile; fileRef = 2BAFB40463F358DE61FCAEEB /* PrivacyInfo.xcprivacy */; };
		2CFC39A0D5584969AB55DB91 /* Overpass-Bold.ttf in Resources */ = {isa = PBXBuildFile; fileRef = 280FC112FAAE421F8E8A9213 /* Overpass-Bold.ttf */; };
		2F332DEAC2A44F58B7FFFC57 /* sf-pro-text-medium.ttf in Resources */ = {isa = PBXBuildFile; fileRef = 4470FC5DF7894170B7BAB4C6 /* sf-pro-text-medium.ttf */; };
		453641E6F4334A3D83DBC6CC /* Overpass-SemiBold.ttf in Resources */ = {isa = PBXBuildFile; fileRef = 1873F56555C744C0BB998939 /* Overpass-SemiBold.ttf */; };
		459C5E1904164C16A7FD6108 /* Overpass-Black.ttf in Resources */ = {isa = PBXBuildFile; fileRef = 499959B9914046DB971020F1 /* Overpass-Black.ttf */; };
		50CD5BCCDE3D4175A658793B /* sf-pro-text-light.ttf in Resources */ = {isa = PBXBuildFile; fileRef = EDF8A95AC57A45518B7D7C3A /* sf-pro-text-light.ttf */; };
		541DF6DE12C342F59EA46553 /* Overpass-MediumItalic.ttf in Resources */ = {isa = PBXBuildFile; fileRef = 76A92859DA6C42E49A292F59 /* Overpass-MediumItalic.ttf */; };
		7699B88040F8A987B510C191 /* libPods-MyDayPayDay-MyDayPayDayTests.a in Frameworks */ = {isa = PBXBuildFile; fileRef = 19F6CBCC0A4E27FBF8BF4A61 /* libPods-MyDayPayDay-MyDayPayDayTests.a */; };
		81AB9BB82411601600AC10FF /* LaunchScreen.storyboard in Resources */ = {isa = PBXBuildFile; fileRef = 81AB9BB72411601600AC10FF /* LaunchScreen.storyboard */; };
		843F9F892C35733000A46777 /* GoogleService-Info.plist in Resources */ = {isa = PBXBuildFile; fileRef = 843F9F882C35733000A46777 /* GoogleService-Info.plist */; };
		84EB51662C9021320073E759 /* Octicons.ttf in Resources */ = {isa = PBXBuildFile; fileRef = 84EB515D2C9021320073E759 /* Octicons.ttf */; };
		84EB51672C9021320073E759 /* MaterialCommunityIcons.ttf in Resources */ = {isa = PBXBuildFile; fileRef = 84EB515E2C9021320073E759 /* MaterialCommunityIcons.ttf */; };
		84EB51682C9021320073E759 /* FontAwesome6_Solid.ttf in Resources */ = {isa = PBXBuildFile; fileRef = 84EB515F2C9021320073E759 /* FontAwesome6_Solid.ttf */; };
		84EB51692C9021320073E759 /* SimpleLineIcons.ttf in Resources */ = {isa = PBXBuildFile; fileRef = 84EB51602C9021320073E759 /* SimpleLineIcons.ttf */; };
		84EB516A2C9021320073E759 /* Fontisto.ttf in Resources */ = {isa = PBXBuildFile; fileRef = 84EB51612C9021320073E759 /* Fontisto.ttf */; };
		84EB516B2C9021320073E759 /* Zocial.ttf in Resources */ = {isa = PBXBuildFile; fileRef = 84EB51622C9021320073E759 /* Zocial.ttf */; };
		84EB516C2C9021320073E759 /* Foundation.ttf in Resources */ = {isa = PBXBuildFile; fileRef = 84EB51632C9021320073E759 /* Foundation.ttf */; };
		84EB516D2C9021320073E759 /* MaterialIcons.ttf in Resources */ = {isa = PBXBuildFile; fileRef = 84EB51642C9021320073E759 /* MaterialIcons.ttf */; };
		84EB516E2C9021320073E759 /* Ionicons.ttf in Resources */ = {isa = PBXBuildFile; fileRef = 84EB51652C9021320073E759 /* Ionicons.ttf */; };
		84EB51722C9084C90073E759 /* QBImagePicker.storyboard in Resources */ = {isa = PBXBuildFile; fileRef = 84EB51712C9084C90073E759 /* QBImagePicker.storyboard */; };
		8EF4638D1C964808AE693295 /* sf-pro-text-regular.ttf in Resources */ = {isa = PBXBuildFile; fileRef = 35AB03B5BEBC45978864E5A8 /* sf-pro-text-regular.ttf */; };
		92D422BA17134C53BA957437 /* Overpass-ThinItalic.ttf in Resources */ = {isa = PBXBuildFile; fileRef = D00B90C253A24776BAF4587E /* Overpass-ThinItalic.ttf */; };
		9498BCB1D105487C8F24F8A5 /* Overpass-BlackItalic.ttf in Resources */ = {isa = PBXBuildFile; fileRef = 24B961BCAF4941CCAAB7E3C3 /* Overpass-BlackItalic.ttf */; };
		99C793BE49EB4F239F9A961E /* Overpass-Italic.ttf in Resources */ = {isa = PBXBuildFile; fileRef = 1F2FFF119A294630BA50535C /* Overpass-Italic.ttf */; };
		A1C48F2429B64854AFD9B5E9 /* Overpass-ExtraLightItalic.ttf in Resources */ = {isa = PBXBuildFile; fileRef = FEDD33F3968447509BFB1963 /* Overpass-ExtraLightItalic.ttf */; };
		A1ED42C288DA45A7B7931C63 /* Overpass-Regular.ttf in Resources */ = {isa = PBXBuildFile; fileRef = 5C2DC487DB694E868F5882FE /* Overpass-Regular.ttf */; };
		A38D933408C249C79C3D3616 /* Overpass-Light.ttf in Resources */ = {isa = PBXBuildFile; fileRef = 99E0D903D672418AAB512E91 /* Overpass-Light.ttf */; };
		D207C34733974FD7A27CDB39 /* Overpass-Thin.ttf in Resources */ = {isa = PBXBuildFile; fileRef = 12EF0F151DAB4AE9906ADD50 /* Overpass-Thin.ttf */; };
		D90D4CF1872D4ACBA541ABCE /* sf-pro-text-semibold.ttf in Resources */ = {isa = PBXBuildFile; fileRef = 6B8A0109666E484AB71896D7 /* sf-pro-text-semibold.ttf */; };
		F3FA916C328D499A89E5E49B /* Overpass-LightItalic.ttf in Resources */ = {isa = PBXBuildFile; fileRef = FA200538CD674BC38CC22B20 /* Overpass-LightItalic.ttf */; };
		FAD13070C4AA4D1CAD5E56BF /* sf-pro-text-bold.ttf in Resources */ = {isa = PBXBuildFile; fileRef = 1B947B07F9E441EA822E3425 /* sf-pro-text-bold.ttf */; };
		FB09C84FC2F14FF1BAB93CED /* Overpass-ExtraBoldItalic.ttf in Resources */ = {isa = PBXBuildFile; fileRef = 76129443B3524B109AF75975 /* Overpass-ExtraBoldItalic.ttf */; };
/* End PBXBuildFile section */

/* Begin PBXContainerItemProxy section */
		00E356F41AD99517003FC87E /* PBXContainerItemProxy */ = {
			isa = PBXContainerItemProxy;
			containerPortal = 83CBB9F71A601CBA00E9B192 /* Project object */;
			proxyType = 1;
			remoteGlobalIDString = 13B07F861A680F5B00A75B9A;
			remoteInfo = MyDayPayDay;
		};
/* End PBXContainerItemProxy section */

/* Begin PBXFileReference section */
		00E356EE1AD99517003FC87E /* MyDayPayDayTests.xctest */ = {isa = PBXFileReference; explicitFileType = wrapper.cfbundle; includeInIndex = 0; path = MyDayPayDayTests.xctest; sourceTree = BUILT_PRODUCTS_DIR; };
		00E356F11AD99517003FC87E /* Info.plist */ = {isa = PBXFileReference; lastKnownFileType = text.plist.xml; path = Info.plist; sourceTree = "<group>"; };
		00E356F21AD99517003FC87E /* MyDayPayDayTests.m */ = {isa = PBXFileReference; lastKnownFileType = sourcecode.c.objc; path = MyDayPayDayTests.m; sourceTree = "<group>"; };
		12EF0F151DAB4AE9906ADD50 /* Overpass-Thin.ttf */ = {isa = PBXFileReference; explicitFileType = undefined; fileEncoding = 9; includeInIndex = 0; lastKnownFileType = unknown; name = "Overpass-Thin.ttf"; path = "../Assets/fonts/Overpass-Thin.ttf"; sourceTree = "<group>"; };
		13B07F961A680F5B00A75B9A /* MyDayPayDay.app */ = {isa = PBXFileReference; explicitFileType = wrapper.application; includeInIndex = 0; path = MyDayPayDay.app; sourceTree = BUILT_PRODUCTS_DIR; };
		13B07FAF1A68108700A75B9A /* AppDelegate.h */ = {isa = PBXFileReference; fileEncoding = 4; lastKnownFileType = sourcecode.c.h; name = AppDelegate.h; path = MyDayPayDay/AppDelegate.h; sourceTree = "<group>"; };
		13B07FB01A68108700A75B9A /* AppDelegate.mm */ = {isa = PBXFileReference; fileEncoding = 4; lastKnownFileType = sourcecode.cpp.objcpp; name = AppDelegate.mm; path = MyDayPayDay/AppDelegate.mm; sourceTree = "<group>"; };
		13B07FB51A68108700A75B9A /* Images.xcassets */ = {isa = PBXFileReference; lastKnownFileType = folder.assetcatalog; name = Images.xcassets; path = MyDayPayDay/Images.xcassets; sourceTree = "<group>"; };
		13B07FB61A68108700A75B9A /* Info.plist */ = {isa = PBXFileReference; fileEncoding = 4; lastKnownFileType = text.plist.xml; name = Info.plist; path = MyDayPayDay/Info.plist; sourceTree = "<group>"; };
		13B07FB71A68108700A75B9A /* main.m */ = {isa = PBXFileReference; fileEncoding = 4; lastKnownFileType = sourcecode.c.objc; name = main.m; path = MyDayPayDay/main.m; sourceTree = "<group>"; };
		13B07FB81A68108700A75B9A /* PrivacyInfo.xcprivacy */ = {isa = PBXFileReference; fileEncoding = 4; lastKnownFileType = text.plist.xml; name = PrivacyInfo.xcprivacy; path = MyDayPayDay/PrivacyInfo.xcprivacy; sourceTree = "<group>"; };
		1873F56555C744C0BB998939 /* Overpass-SemiBold.ttf */ = {isa = PBXFileReference; explicitFileType = undefined; fileEncoding = 9; includeInIndex = 0; lastKnownFileType = unknown; name = "Overpass-SemiBold.ttf"; path = "../Assets/fonts/Overpass-SemiBold.ttf"; sourceTree = "<group>"; };
		19F6CBCC0A4E27FBF8BF4A61 /* libPods-MyDayPayDay-MyDayPayDayTests.a */ = {isa = PBXFileReference; explicitFileType = archive.ar; includeInIndex = 0; path = "libPods-MyDayPayDay-MyDayPayDayTests.a"; sourceTree = BUILT_PRODUCTS_DIR; };
		1B947B07F9E441EA822E3425 /* sf-pro-text-bold.ttf */ = {isa = PBXFileReference; explicitFileType = undefined; fileEncoding = 9; includeInIndex = 0; lastKnownFileType = unknown; name = "sf-pro-text-bold.ttf"; path = "../Assets/fonts/sf-pro-text-bold.ttf"; sourceTree = "<group>"; };
		1F2FFF119A294630BA50535C /* Overpass-Italic.ttf */ = {isa = PBXFileReference; explicitFileType = undefined; fileEncoding = 9; includeInIndex = 0; lastKnownFileType = unknown; name = "Overpass-Italic.ttf"; path = "../Assets/fonts/Overpass-Italic.ttf"; sourceTree = "<group>"; };
		24B961BCAF4941CCAAB7E3C3 /* Overpass-BlackItalic.ttf */ = {isa = PBXFileReference; explicitFileType = undefined; fileEncoding = 9; includeInIndex = 0; lastKnownFileType = unknown; name = "Overpass-BlackItalic.ttf"; path = "../Assets/fonts/Overpass-BlackItalic.ttf"; sourceTree = "<group>"; };
		280FC112FAAE421F8E8A9213 /* Overpass-Bold.ttf */ = {isa = PBXFileReference; explicitFileType = undefined; fileEncoding = 9; includeInIndex = 0; lastKnownFileType = unknown; name = "Overpass-Bold.ttf"; path = "../Assets/fonts/Overpass-Bold.ttf"; sourceTree = "<group>"; };
		2BAFB40463F358DE61FCAEEB /* PrivacyInfo.xcprivacy */ = {isa = PBXFileReference; includeInIndex = 1; lastKnownFileType = text.xml; name = PrivacyInfo.xcprivacy; path = MyDayPayDay/PrivacyInfo.xcprivacy; sourceTree = "<group>"; };
		35AB03B5BEBC45978864E5A8 /* sf-pro-text-regular.ttf */ = {isa = PBXFileReference; explicitFileType = undefined; fileEncoding = 9; includeInIndex = 0; lastKnownFileType = unknown; name = "sf-pro-text-regular.ttf"; path = "../Assets/fonts/sf-pro-text-regular.ttf"; sourceTree = "<group>"; };
		3B4392A12AC88292D35C810B /* Pods-MyDayPayDay.debug.xcconfig */ = {isa = PBXFileReference; includeInIndex = 1; lastKnownFileType = text.xcconfig; name = "Pods-MyDayPayDay.debug.xcconfig"; path = "Target Support Files/Pods-MyDayPayDay/Pods-MyDayPayDay.debug.xcconfig"; sourceTree = "<group>"; };
		4470FC5DF7894170B7BAB4C6 /* sf-pro-text-medium.ttf */ = {isa = PBXFileReference; explicitFileType = undefined; fileEncoding = 9; includeInIndex = 0; lastKnownFileType = unknown; name = "sf-pro-text-medium.ttf"; path = "../Assets/fonts/sf-pro-text-medium.ttf"; sourceTree = "<group>"; };
		499959B9914046DB971020F1 /* Overpass-Black.ttf */ = {isa = PBXFileReference; explicitFileType = undefined; fileEncoding = 9; includeInIndex = 0; lastKnownFileType = unknown; name = "Overpass-Black.ttf"; path = "../Assets/fonts/Overpass-Black.ttf"; sourceTree = "<group>"; };
		5709B34CF0A7D63546082F79 /* Pods-MyDayPayDay.release.xcconfig */ = {isa = PBXFileReference; includeInIndex = 1; lastKnownFileType = text.xcconfig; name = "Pods-MyDayPayDay.release.xcconfig"; path = "Target Support Files/Pods-MyDayPayDay/Pods-MyDayPayDay.release.xcconfig"; sourceTree = "<group>"; };
		5B7EB9410499542E8C5724F5 /* Pods-MyDayPayDay-MyDayPayDayTests.debug.xcconfig */ = {isa = PBXFileReference; includeInIndex = 1; lastKnownFileType = text.xcconfig; name = "Pods-MyDayPayDay-MyDayPayDayTests.debug.xcconfig"; path = "Target Support Files/Pods-MyDayPayDay-MyDayPayDayTests/Pods-MyDayPayDay-MyDayPayDayTests.debug.xcconfig"; sourceTree = "<group>"; };
		5C2DC487DB694E868F5882FE /* Overpass-Regular.ttf */ = {isa = PBXFileReference; explicitFileType = undefined; fileEncoding = 9; includeInIndex = 0; lastKnownFileType = unknown; name = "Overpass-Regular.ttf"; path = "../Assets/fonts/Overpass-Regular.ttf"; sourceTree = "<group>"; };
		5DCACB8F33CDC322A6C60F78 /* libPods-MyDayPayDay.a */ = {isa = PBXFileReference; explicitFileType = archive.ar; includeInIndex = 0; path = "libPods-MyDayPayDay.a"; sourceTree = BUILT_PRODUCTS_DIR; };
		5FD33C95C57C4E4B841F1DFC /* Overpass-Medium.ttf */ = {isa = PBXFileReference; explicitFileType = undefined; fileEncoding = 9; includeInIndex = 0; lastKnownFileType = unknown; name = "Overpass-Medium.ttf"; path = "../Assets/fonts/Overpass-Medium.ttf"; sourceTree = "<group>"; };
		6B8A0109666E484AB71896D7 /* sf-pro-text-semibold.ttf */ = {isa = PBXFileReference; explicitFileType = undefined; fileEncoding = 9; includeInIndex = 0; lastKnownFileType = unknown; name = "sf-pro-text-semibold.ttf"; path = "../Assets/fonts/sf-pro-text-semibold.ttf"; sourceTree = "<group>"; };
		731FAD04590E4238AE1C8FE1 /* Overpass-BoldItalic.ttf */ = {isa = PBXFileReference; explicitFileType = undefined; fileEncoding = 9; includeInIndex = 0; lastKnownFileType = unknown; name = "Overpass-BoldItalic.ttf"; path = "../Assets/fonts/Overpass-BoldItalic.ttf"; sourceTree = "<group>"; };
		76129443B3524B109AF75975 /* Overpass-ExtraBoldItalic.ttf */ = {isa = PBXFileReference; explicitFileType = undefined; fileEncoding = 9; includeInIndex = 0; lastKnownFileType = unknown; name = "Overpass-ExtraBoldItalic.ttf"; path = "../Assets/fonts/Overpass-ExtraBoldItalic.ttf"; sourceTree = "<group>"; };
		76A92859DA6C42E49A292F59 /* Overpass-MediumItalic.ttf */ = {isa = PBXFileReference; explicitFileType = undefined; fileEncoding = 9; includeInIndex = 0; lastKnownFileType = unknown; name = "Overpass-MediumItalic.ttf"; path = "../Assets/fonts/Overpass-MediumItalic.ttf"; sourceTree = "<group>"; };
		81AB9BB72411601600AC10FF /* LaunchScreen.storyboard */ = {isa = PBXFileReference; fileEncoding = 4; lastKnownFileType = file.storyboard; name = LaunchScreen.storyboard; path = MyDayPayDay/LaunchScreen.storyboard; sourceTree = "<group>"; };
		843F9F882C35733000A46777 /* GoogleService-Info.plist */ = {isa = PBXFileReference; fileEncoding = 4; lastKnownFileType = text.plist.xml; name = "GoogleService-Info.plist"; path = "../../../../Downloads/GoogleService-Info.plist"; sourceTree = "<group>"; };
		843F9F8A2C35756400A46777 /* MyDayPayDay.entitlements */ = {isa = PBXFileReference; lastKnownFileType = text.plist.entitlements; name = MyDayPayDay.entitlements; path = MyDayPayDay/MyDayPayDay.entitlements; sourceTree = "<group>"; };
		84CF6B892C35857B00AEBD9E /* FontAwesome5_Solid.ttf */ = {isa = PBXFileReference; lastKnownFileType = file; name = FontAwesome5_Solid.ttf; path = ../../../Fonts/FontAwesome5_Solid.ttf; sourceTree = "<group>"; };
		84CF6B8A2C35857B00AEBD9E /* Foundation.ttf */ = {isa = PBXFileReference; lastKnownFileType = file; name = Foundation.ttf; path = ../../../Fonts/Foundation.ttf; sourceTree = "<group>"; };
		84CF6B8B2C35857B00AEBD9E /* FontAwesome6_Regular.ttf */ = {isa = PBXFileReference; lastKnownFileType = file; name = FontAwesome6_Regular.ttf; path = ../../../Fonts/FontAwesome6_Regular.ttf; sourceTree = "<group>"; };
		84CF6B8C2C35857B00AEBD9E /* Ionicons.ttf */ = {isa = PBXFileReference; lastKnownFileType = file; name = Ionicons.ttf; path = ../../../Fonts/Ionicons.ttf; sourceTree = "<group>"; };
		84CF6B8D2C35857B00AEBD9E /* AntDesign.ttf */ = {isa = PBXFileReference; lastKnownFileType = file; name = AntDesign.ttf; path = ../../../Fonts/AntDesign.ttf; sourceTree = "<group>"; };
		84CF6B8E2C35857B00AEBD9E /* Octicons.ttf */ = {isa = PBXFileReference; lastKnownFileType = file; name = Octicons.ttf; path = ../../../Fonts/Octicons.ttf; sourceTree = "<group>"; };
		84CF6B8F2C35857B00AEBD9E /* FontAwesome6_Solid.ttf */ = {isa = PBXFileReference; lastKnownFileType = file; name = FontAwesome6_Solid.ttf; path = ../../../Fonts/FontAwesome6_Solid.ttf; sourceTree = "<group>"; };
		84CF6B902C35857B00AEBD9E /* Feather.ttf */ = {isa = PBXFileReference; lastKnownFileType = file; name = Feather.ttf; path = ../../../Fonts/Feather.ttf; sourceTree = "<group>"; };
		84CF6B912C35857B00AEBD9E /* FontAwesome.ttf */ = {isa = PBXFileReference; lastKnownFileType = file; name = FontAwesome.ttf; path = ../../../Fonts/FontAwesome.ttf; sourceTree = "<group>"; };
		84CF6B922C35857B00AEBD9E /* FontAwesome6_Brands.ttf */ = {isa = PBXFileReference; lastKnownFileType = file; name = FontAwesome6_Brands.ttf; path = ../../../Fonts/FontAwesome6_Brands.ttf; sourceTree = "<group>"; };
		84CF6B932C35857B00AEBD9E /* Zocial.ttf */ = {isa = PBXFileReference; lastKnownFileType = file; name = Zocial.ttf; path = ../../../Fonts/Zocial.ttf; sourceTree = "<group>"; };
		84CF6B942C35857B00AEBD9E /* Entypo.ttf */ = {isa = PBXFileReference; lastKnownFileType = file; name = Entypo.ttf; path = ../../../Fonts/Entypo.ttf; sourceTree = "<group>"; };
		84CF6B952C35857B00AEBD9E /* MaterialIcons.ttf */ = {isa = PBXFileReference; lastKnownFileType = file; name = MaterialIcons.ttf; path = ../../../Fonts/MaterialIcons.ttf; sourceTree = "<group>"; };
		84CF6B962C35857B00AEBD9E /* SimpleLineIcons.ttf */ = {isa = PBXFileReference; lastKnownFileType = file; name = SimpleLineIcons.ttf; path = ../../../Fonts/SimpleLineIcons.ttf; sourceTree = "<group>"; };
		84CF6B972C35857B00AEBD9E /* EvilIcons.ttf */ = {isa = PBXFileReference; lastKnownFileType = file; name = EvilIcons.ttf; path = ../../../Fonts/EvilIcons.ttf; sourceTree = "<group>"; };
		84CF6B982C35857B00AEBD9E /* MaterialCommunityIcons.ttf */ = {isa = PBXFileReference; lastKnownFileType = file; name = MaterialCommunityIcons.ttf; path = ../../../Fonts/MaterialCommunityIcons.ttf; sourceTree = "<group>"; };
		84CF6B992C35857B00AEBD9E /* Fontisto.ttf */ = {isa = PBXFileReference; lastKnownFileType = file; name = Fontisto.ttf; path = ../../../Fonts/Fontisto.ttf; sourceTree = "<group>"; };
		84CF6B9A2C35857C00AEBD9E /* FontAwesome5_Regular.ttf */ = {isa = PBXFileReference; lastKnownFileType = file; name = FontAwesome5_Regular.ttf; path = ../../../Fonts/FontAwesome5_Regular.ttf; sourceTree = "<group>"; };
		84CF6B9B2C35857C00AEBD9E /* FontAwesome5_Brands.ttf */ = {isa = PBXFileReference; lastKnownFileType = file; name = FontAwesome5_Brands.ttf; path = ../../../Fonts/FontAwesome5_Brands.ttf; sourceTree = "<group>"; };
		84EB515D2C9021320073E759 /* Octicons.ttf */ = {isa = PBXFileReference; lastKnownFileType = file; name = Octicons.ttf; path = "../node_modules/react-native-vector-icons/Fonts/Octicons.ttf"; sourceTree = "<group>"; };
		84EB515E2C9021320073E759 /* MaterialCommunityIcons.ttf */ = {isa = PBXFileReference; lastKnownFileType = file; name = MaterialCommunityIcons.ttf; path = "../node_modules/react-native-vector-icons/Fonts/MaterialCommunityIcons.ttf"; sourceTree = "<group>"; };
		84EB515F2C9021320073E759 /* FontAwesome6_Solid.ttf */ = {isa = PBXFileReference; lastKnownFileType = file; name = FontAwesome6_Solid.ttf; path = "../node_modules/react-native-vector-icons/Fonts/FontAwesome6_Solid.ttf"; sourceTree = "<group>"; };
		84EB51602C9021320073E759 /* SimpleLineIcons.ttf */ = {isa = PBXFileReference; lastKnownFileType = file; name = SimpleLineIcons.ttf; path = "../node_modules/react-native-vector-icons/Fonts/SimpleLineIcons.ttf"; sourceTree = "<group>"; };
		84EB51612C9021320073E759 /* Fontisto.ttf */ = {isa = PBXFileReference; lastKnownFileType = file; name = Fontisto.ttf; path = "../node_modules/react-native-vector-icons/Fonts/Fontisto.ttf"; sourceTree = "<group>"; };
		84EB51622C9021320073E759 /* Zocial.ttf */ = {isa = PBXFileReference; lastKnownFileType = file; name = Zocial.ttf; path = "../node_modules/react-native-vector-icons/Fonts/Zocial.ttf"; sourceTree = "<group>"; };
		84EB51632C9021320073E759 /* Foundation.ttf */ = {isa = PBXFileReference; lastKnownFileType = file; name = Foundation.ttf; path = "../node_modules/react-native-vector-icons/Fonts/Foundation.ttf"; sourceTree = "<group>"; };
		84EB51642C9021320073E759 /* MaterialIcons.ttf */ = {isa = PBXFileReference; lastKnownFileType = file; name = MaterialIcons.ttf; path = "../node_modules/react-native-vector-icons/Fonts/MaterialIcons.ttf"; sourceTree = "<group>"; };
		84EB51652C9021320073E759 /* Ionicons.ttf */ = {isa = PBXFileReference; lastKnownFileType = file; name = Ionicons.ttf; path = "../node_modules/react-native-vector-icons/Fonts/Ionicons.ttf"; sourceTree = "<group>"; };
		84EB516F2C906C360073E759 /* AntDesign.ttf */ = {isa = PBXFileReference; lastKnownFileType = file; path = AntDesign.ttf; sourceTree = "<group>"; };
		84EB51712C9084C90073E759 /* QBImagePicker.storyboard */ = {isa = PBXFileReference; lastKnownFileType = file.storyboard; name = QBImagePicker.storyboard; path = "../node_modules/react-native-image-crop-picker/ios/QBImagePicker/QBImagePicker/QBImagePicker.storyboard"; sourceTree = "<group>"; };
		89C6BE57DB24E9ADA2F236DE /* Pods-MyDayPayDay-MyDayPayDayTests.release.xcconfig */ = {isa = PBXFileReference; includeInIndex = 1; lastKnownFileType = text.xcconfig; name = "Pods-MyDayPayDay-MyDayPayDayTests.release.xcconfig"; path = "Target Support Files/Pods-MyDayPayDay-MyDayPayDayTests/Pods-MyDayPayDay-MyDayPayDayTests.release.xcconfig"; sourceTree = "<group>"; };
		99E0D903D672418AAB512E91 /* Overpass-Light.ttf */ = {isa = PBXFileReference; explicitFileType = undefined; fileEncoding = 9; includeInIndex = 0; lastKnownFileType = unknown; name = "Overpass-Light.ttf"; path = "../Assets/fonts/Overpass-Light.ttf"; sourceTree = "<group>"; };
		B34564AEA73E4F25B079BEE0 /* Overpass-ExtraBold.ttf */ = {isa = PBXFileReference; explicitFileType = undefined; fileEncoding = 9; includeInIndex = 0; lastKnownFileType = unknown; name = "Overpass-ExtraBold.ttf"; path = "../Assets/fonts/Overpass-ExtraBold.ttf"; sourceTree = "<group>"; };
		D00B90C253A24776BAF4587E /* Overpass-ThinItalic.ttf */ = {isa = PBXFileReference; explicitFileType = undefined; fileEncoding = 9; includeInIndex = 0; lastKnownFileType = unknown; name = "Overpass-ThinItalic.ttf"; path = "../Assets/fonts/Overpass-ThinItalic.ttf"; sourceTree = "<group>"; };
		E1F26CC1C8AA4EA48CACB5A1 /* Overpass-SemiBoldItalic.ttf */ = {isa = PBXFileReference; explicitFileType = undefined; fileEncoding = 9; includeInIndex = 0; lastKnownFileType = unknown; name = "Overpass-SemiBoldItalic.ttf"; path = "../Assets/fonts/Overpass-SemiBoldItalic.ttf"; sourceTree = "<group>"; };
		ED297162215061F000B7C4FE /* JavaScriptCore.framework */ = {isa = PBXFileReference; lastKnownFileType = wrapper.framework; name = JavaScriptCore.framework; path = System/Library/Frameworks/JavaScriptCore.framework; sourceTree = SDKROOT; };
		EDF8A95AC57A45518B7D7C3A /* sf-pro-text-light.ttf */ = {isa = PBXFileReference; explicitFileType = undefined; fileEncoding = 9; includeInIndex = 0; lastKnownFileType = unknown; name = "sf-pro-text-light.ttf"; path = "../Assets/fonts/sf-pro-text-light.ttf"; sourceTree = "<group>"; };
		FA200538CD674BC38CC22B20 /* Overpass-LightItalic.ttf */ = {isa = PBXFileReference; explicitFileType = undefined; fileEncoding = 9; includeInIndex = 0; lastKnownFileType = unknown; name = "Overpass-LightItalic.ttf"; path = "../Assets/fonts/Overpass-LightItalic.ttf"; sourceTree = "<group>"; };
		FC862D87DE2548ACAA050218 /* Overpass-ExtraLight.ttf */ = {isa = PBXFileReference; explicitFileType = undefined; fileEncoding = 9; includeInIndex = 0; lastKnownFileType = unknown; name = "Overpass-ExtraLight.ttf"; path = "../Assets/fonts/Overpass-ExtraLight.ttf"; sourceTree = "<group>"; };
		FEDD33F3968447509BFB1963 /* Overpass-ExtraLightItalic.ttf */ = {isa = PBXFileReference; explicitFileType = undefined; fileEncoding = 9; includeInIndex = 0; lastKnownFileType = unknown; name = "Overpass-ExtraLightItalic.ttf"; path = "../Assets/fonts/Overpass-ExtraLightItalic.ttf"; sourceTree = "<group>"; };
/* End PBXFileReference section */

/* Begin PBXFrameworksBuildPhase section */
		00E356EB1AD99517003FC87E /* Frameworks */ = {
			isa = PBXFrameworksBuildPhase;
			buildActionMask = 2147483647;
			files = (
				7699B88040F8A987B510C191 /* libPods-MyDayPayDay-MyDayPayDayTests.a in Frameworks */,
			);
			runOnlyForDeploymentPostprocessing = 0;
		};
		13B07F8C1A680F5B00A75B9A /* Frameworks */ = {
			isa = PBXFrameworksBuildPhase;
			buildActionMask = 2147483647;
			files = (
				0C80B921A6F3F58F76C31292 /* libPods-MyDayPayDay.a in Frameworks */,
			);
			runOnlyForDeploymentPostprocessing = 0;
		};
/* End PBXFrameworksBuildPhase section */

/* Begin PBXGroup section */
		00E356EF1AD99517003FC87E /* MyDayPayDayTests */ = {
			isa = PBXGroup;
			children = (
				00E356F21AD99517003FC87E /* MyDayPayDayTests.m */,
				00E356F01AD99517003FC87E /* Supporting Files */,
			);
			path = MyDayPayDayTests;
			sourceTree = "<group>";
		};
		00E356F01AD99517003FC87E /* Supporting Files */ = {
			isa = PBXGroup;
			children = (
				00E356F11AD99517003FC87E /* Info.plist */,
			);
			name = "Supporting Files";
			sourceTree = "<group>";
		};
		13B07FAE1A68108700A75B9A /* MyDayPayDay */ = {
			isa = PBXGroup;
			children = (
				843F9F8A2C35756400A46777 /* MyDayPayDay.entitlements */,
				84CF6B882C35852300AEBD9E /* Fonts */,
				843F9F882C35733000A46777 /* GoogleService-Info.plist */,
				13B07FAF1A68108700A75B9A /* AppDelegate.h */,
				13B07FB01A68108700A75B9A /* AppDelegate.mm */,
				13B07FB51A68108700A75B9A /* Images.xcassets */,
				13B07FB61A68108700A75B9A /* Info.plist */,
				81AB9BB72411601600AC10FF /* LaunchScreen.storyboard */,
				13B07FB71A68108700A75B9A /* main.m */,
				13B07FB81A68108700A75B9A /* PrivacyInfo.xcprivacy */,
				2BAFB40463F358DE61FCAEEB /* PrivacyInfo.xcprivacy */,
			);
			name = MyDayPayDay;
			sourceTree = "<group>";
		};
		2D16E6871FA4F8E400B85C8A /* Frameworks */ = {
			isa = PBXGroup;
			children = (
				ED297162215061F000B7C4FE /* JavaScriptCore.framework */,
				5DCACB8F33CDC322A6C60F78 /* libPods-MyDayPayDay.a */,
				19F6CBCC0A4E27FBF8BF4A61 /* libPods-MyDayPayDay-MyDayPayDayTests.a */,
			);
			name = Frameworks;
			sourceTree = "<group>";
		};
		832341AE1AAA6A7D00B99B32 /* Libraries */ = {
			isa = PBXGroup;
			children = (
			);
			name = Libraries;
			sourceTree = "<group>";
		};
		83CBB9F61A601CBA00E9B192 = {
			isa = PBXGroup;
			children = (
				84EB51712C9084C90073E759 /* QBImagePicker.storyboard */,
				84EB516F2C906C360073E759 /* AntDesign.ttf */,
				84EB515F2C9021320073E759 /* FontAwesome6_Solid.ttf */,
				84EB51612C9021320073E759 /* Fontisto.ttf */,
				84EB51632C9021320073E759 /* Foundation.ttf */,
				84EB51652C9021320073E759 /* Ionicons.ttf */,
				84EB515E2C9021320073E759 /* MaterialCommunityIcons.ttf */,
				84EB51642C9021320073E759 /* MaterialIcons.ttf */,
				84EB515D2C9021320073E759 /* Octicons.ttf */,
				84EB51602C9021320073E759 /* SimpleLineIcons.ttf */,
				84EB51622C9021320073E759 /* Zocial.ttf */,
				13B07FAE1A68108700A75B9A /* MyDayPayDay */,
				832341AE1AAA6A7D00B99B32 /* Libraries */,
				00E356EF1AD99517003FC87E /* MyDayPayDayTests */,
				83CBBA001A601CBA00E9B192 /* Products */,
				2D16E6871FA4F8E400B85C8A /* Frameworks */,
				BBD78D7AC51CEA395F1C20DB /* Pods */,
				DD603E8B8B634B69A45F8FBF /* Resources */,
			);
			indentWidth = 2;
			sourceTree = "<group>";
			tabWidth = 2;
			usesTabs = 0;
		};
		83CBBA001A601CBA00E9B192 /* Products */ = {
			isa = PBXGroup;
			children = (
				13B07F961A680F5B00A75B9A /* MyDayPayDay.app */,
				00E356EE1AD99517003FC87E /* MyDayPayDayTests.xctest */,
			);
			name = Products;
			sourceTree = "<group>";
		};
		84CF6B882C35852300AEBD9E /* Fonts */ = {
			isa = PBXGroup;
			children = (
				84CF6B8D2C35857B00AEBD9E /* AntDesign.ttf */,
				84CF6B942C35857B00AEBD9E /* Entypo.ttf */,
				84CF6B972C35857B00AEBD9E /* EvilIcons.ttf */,
				84CF6B902C35857B00AEBD9E /* Feather.ttf */,
				84CF6B912C35857B00AEBD9E /* FontAwesome.ttf */,
				84CF6B9B2C35857C00AEBD9E /* FontAwesome5_Brands.ttf */,
				84CF6B9A2C35857C00AEBD9E /* FontAwesome5_Regular.ttf */,
				84CF6B892C35857B00AEBD9E /* FontAwesome5_Solid.ttf */,
				84CF6B922C35857B00AEBD9E /* FontAwesome6_Brands.ttf */,
				84CF6B8B2C35857B00AEBD9E /* FontAwesome6_Regular.ttf */,
				84CF6B8F2C35857B00AEBD9E /* FontAwesome6_Solid.ttf */,
				84CF6B992C35857B00AEBD9E /* Fontisto.ttf */,
				84CF6B8A2C35857B00AEBD9E /* Foundation.ttf */,
				84CF6B8C2C35857B00AEBD9E /* Ionicons.ttf */,
				84CF6B982C35857B00AEBD9E /* MaterialCommunityIcons.ttf */,
				84CF6B952C35857B00AEBD9E /* MaterialIcons.ttf */,
				84CF6B8E2C35857B00AEBD9E /* Octicons.ttf */,
				84CF6B962C35857B00AEBD9E /* SimpleLineIcons.ttf */,
				84CF6B932C35857B00AEBD9E /* Zocial.ttf */,
			);
			name = Fonts;
			sourceTree = "<group>";
		};
		BBD78D7AC51CEA395F1C20DB /* Pods */ = {
			isa = PBXGroup;
			children = (
				3B4392A12AC88292D35C810B /* Pods-MyDayPayDay.debug.xcconfig */,
				5709B34CF0A7D63546082F79 /* Pods-MyDayPayDay.release.xcconfig */,
				5B7EB9410499542E8C5724F5 /* Pods-MyDayPayDay-MyDayPayDayTests.debug.xcconfig */,
				89C6BE57DB24E9ADA2F236DE /* Pods-MyDayPayDay-MyDayPayDayTests.release.xcconfig */,
			);
			path = Pods;
			sourceTree = "<group>";
		};
		DD603E8B8B634B69A45F8FBF /* Resources */ = {
			isa = PBXGroup;
			children = (
				499959B9914046DB971020F1 /* Overpass-Black.ttf */,
				24B961BCAF4941CCAAB7E3C3 /* Overpass-BlackItalic.ttf */,
				280FC112FAAE421F8E8A9213 /* Overpass-Bold.ttf */,
				731FAD04590E4238AE1C8FE1 /* Overpass-BoldItalic.ttf */,
				B34564AEA73E4F25B079BEE0 /* Overpass-ExtraBold.ttf */,
				76129443B3524B109AF75975 /* Overpass-ExtraBoldItalic.ttf */,
				FC862D87DE2548ACAA050218 /* Overpass-ExtraLight.ttf */,
				FEDD33F3968447509BFB1963 /* Overpass-ExtraLightItalic.ttf */,
				1F2FFF119A294630BA50535C /* Overpass-Italic.ttf */,
				99E0D903D672418AAB512E91 /* Overpass-Light.ttf */,
				FA200538CD674BC38CC22B20 /* Overpass-LightItalic.ttf */,
				5FD33C95C57C4E4B841F1DFC /* Overpass-Medium.ttf */,
				76A92859DA6C42E49A292F59 /* Overpass-MediumItalic.ttf */,
				5C2DC487DB694E868F5882FE /* Overpass-Regular.ttf */,
				1873F56555C744C0BB998939 /* Overpass-SemiBold.ttf */,
				E1F26CC1C8AA4EA48CACB5A1 /* Overpass-SemiBoldItalic.ttf */,
				12EF0F151DAB4AE9906ADD50 /* Overpass-Thin.ttf */,
				D00B90C253A24776BAF4587E /* Overpass-ThinItalic.ttf */,
				1B947B07F9E441EA822E3425 /* sf-pro-text-bold.ttf */,
				EDF8A95AC57A45518B7D7C3A /* sf-pro-text-light.ttf */,
				4470FC5DF7894170B7BAB4C6 /* sf-pro-text-medium.ttf */,
				35AB03B5BEBC45978864E5A8 /* sf-pro-text-regular.ttf */,
				6B8A0109666E484AB71896D7 /* sf-pro-text-semibold.ttf */,
			);
			name = Resources;
			sourceTree = "<group>";
		};
/* End PBXGroup section */

/* Begin PBXNativeTarget section */
		00E356ED1AD99517003FC87E /* MyDayPayDayTests */ = {
			isa = PBXNativeTarget;
			buildConfigurationList = 00E357021AD99517003FC87E /* Build configuration list for PBXNativeTarget "MyDayPayDayTests" */;
			buildPhases = (
				A55EABD7B0C7F3A422A6CC61 /* [CP] Check Pods Manifest.lock */,
				00E356EA1AD99517003FC87E /* Sources */,
				00E356EB1AD99517003FC87E /* Frameworks */,
				00E356EC1AD99517003FC87E /* Resources */,
				F6A41C54EA430FDDC6A6ED99 /* [CP] Copy Pods Resources */,
			);
			buildRules = (
			);
			dependencies = (
				00E356F51AD99517003FC87E /* PBXTargetDependency */,
			);
			name = MyDayPayDayTests;
			productName = MyDayPayDayTests;
			productReference = 00E356EE1AD99517003FC87E /* MyDayPayDayTests.xctest */;
			productType = "com.apple.product-type.bundle.unit-test";
		};
		13B07F861A680F5B00A75B9A /* MyDayPayDay */ = {
			isa = PBXNativeTarget;
			buildConfigurationList = 13B07F931A680F5B00A75B9A /* Build configuration list for PBXNativeTarget "MyDayPayDay" */;
			buildPhases = (
				C38B50BA6285516D6DCD4F65 /* [CP] Check Pods Manifest.lock */,
				13B07F871A680F5B00A75B9A /* Sources */,
				13B07F8C1A680F5B00A75B9A /* Frameworks */,
				13B07F8E1A680F5B00A75B9A /* Resources */,
				00DD1BFF1BD5951E006B06BC /* Bundle React Native code and images */,
				E235C05ADACE081382539298 /* [CP] Copy Pods Resources */,
				569EB8EC97686B20712480C9 /* [CP-User] [RNFB] Core Configuration */,
			);
			buildRules = (
			);
			dependencies = (
			);
			name = MyDayPayDay;
			productName = MyDayPayDay;
			productReference = 13B07F961A680F5B00A75B9A /* MyDayPayDay.app */;
			productType = "com.apple.product-type.application";
		};
/* End PBXNativeTarget section */

/* Begin PBXProject section */
		83CBB9F71A601CBA00E9B192 /* Project object */ = {
			isa = PBXProject;
			attributes = {
				LastUpgradeCheck = 1210;
				TargetAttributes = {
					00E356ED1AD99517003FC87E = {
						CreatedOnToolsVersion = 6.2;
						TestTargetID = 13B07F861A680F5B00A75B9A;
					};
					13B07F861A680F5B00A75B9A = {
						LastSwiftMigration = 1120;
					};
				};
			};
			buildConfigurationList = 83CBB9FA1A601CBA00E9B192 /* Build configuration list for PBXProject "MyDayPayDay" */;
			compatibilityVersion = "Xcode 12.0";
			developmentRegion = en;
			hasScannedForEncodings = 0;
			knownRegions = (
				en,
				Base,
			);
			mainGroup = 83CBB9F61A601CBA00E9B192;
			productRefGroup = 83CBBA001A601CBA00E9B192 /* Products */;
			projectDirPath = "";
			projectRoot = "";
			targets = (
				13B07F861A680F5B00A75B9A /* MyDayPayDay */,
				00E356ED1AD99517003FC87E /* MyDayPayDayTests */,
			);
		};
/* End PBXProject section */

/* Begin PBXResourcesBuildPhase section */
		00E356EC1AD99517003FC87E /* Resources */ = {
			isa = PBXResourcesBuildPhase;
			buildActionMask = 2147483647;
			files = (
			);
			runOnlyForDeploymentPostprocessing = 0;
		};
		13B07F8E1A680F5B00A75B9A /* Resources */ = {
			isa = PBXResourcesBuildPhase;
			buildActionMask = 2147483647;
			files = (
				84EB51722C9084C90073E759 /* QBImagePicker.storyboard in Resources */,
				84EB51662C9021320073E759 /* Octicons.ttf in Resources */,
				84EB51672C9021320073E759 /* MaterialCommunityIcons.ttf in Resources */,
				84EB51682C9021320073E759 /* FontAwesome6_Solid.ttf in Resources */,
				84EB51692C9021320073E759 /* SimpleLineIcons.ttf in Resources */,
				84EB516A2C9021320073E759 /* Fontisto.ttf in Resources */,
				84EB516B2C9021320073E759 /* Zocial.ttf in Resources */,
				84EB516C2C9021320073E759 /* Foundation.ttf in Resources */,
				84EB516D2C9021320073E759 /* MaterialIcons.ttf in Resources */,
				84EB516E2C9021320073E759 /* Ionicons.ttf in Resources */,
				81AB9BB82411601600AC10FF /* LaunchScreen.storyboard in Resources */,
				13B07FBF1A68108700A75B9A /* Images.xcassets in Resources */,
				459C5E1904164C16A7FD6108 /* Overpass-Black.ttf in Resources */,
				9498BCB1D105487C8F24F8A5 /* Overpass-BlackItalic.ttf in Resources */,
				2CFC39A0D5584969AB55DB91 /* Overpass-Bold.ttf in Resources */,
				129DB44192524DC98F527D4A /* Overpass-BoldItalic.ttf in Resources */,
				1D669CA9BC384C8F9FBE1628 /* Overpass-ExtraBold.ttf in Resources */,
				FB09C84FC2F14FF1BAB93CED /* Overpass-ExtraBoldItalic.ttf in Resources */,
				17088CC86D364DA4980642D6 /* Overpass-ExtraLight.ttf in Resources */,
				A1C48F2429B64854AFD9B5E9 /* Overpass-ExtraLightItalic.ttf in Resources */,
				99C793BE49EB4F239F9A961E /* Overpass-Italic.ttf in Resources */,
				843F9F892C35733000A46777 /* GoogleService-Info.plist in Resources */,
				A38D933408C249C79C3D3616 /* Overpass-Light.ttf in Resources */,
				F3FA916C328D499A89E5E49B /* Overpass-LightItalic.ttf in Resources */,
				12634D44371F43F18A48F81E /* Overpass-Medium.ttf in Resources */,
				541DF6DE12C342F59EA46553 /* Overpass-MediumItalic.ttf in Resources */,
				A1ED42C288DA45A7B7931C63 /* Overpass-Regular.ttf in Resources */,
				453641E6F4334A3D83DBC6CC /* Overpass-SemiBold.ttf in Resources */,
				1DC7EF3D2C0C480DAF0F3764 /* Overpass-SemiBoldItalic.ttf in Resources */,
				D207C34733974FD7A27CDB39 /* Overpass-Thin.ttf in Resources */,
				92D422BA17134C53BA957437 /* Overpass-ThinItalic.ttf in Resources */,
				FAD13070C4AA4D1CAD5E56BF /* sf-pro-text-bold.ttf in Resources */,
				50CD5BCCDE3D4175A658793B /* sf-pro-text-light.ttf in Resources */,
				2F332DEAC2A44F58B7FFFC57 /* sf-pro-text-medium.ttf in Resources */,
				8EF4638D1C964808AE693295 /* sf-pro-text-regular.ttf in Resources */,
				D90D4CF1872D4ACBA541ABCE /* sf-pro-text-semibold.ttf in Resources */,
				256D1948EBCC336816114E78 /* PrivacyInfo.xcprivacy in Resources */,
			);
			runOnlyForDeploymentPostprocessing = 0;
		};
/* End PBXResourcesBuildPhase section */

/* Begin PBXShellScriptBuildPhase section */
		00DD1BFF1BD5951E006B06BC /* Bundle React Native code and images */ = {
			isa = PBXShellScriptBuildPhase;
			buildActionMask = 8;
			files = (
			);
			inputPaths = (
				"$(SRCROOT)/.xcode.env.local",
				"$(SRCROOT)/.xcode.env",
			);
			name = "Bundle React Native code and images";
			outputPaths = (
			);
			runOnlyForDeploymentPostprocessing = 1;
			shellPath = /bin/sh;
			shellScript = "set -e\n\nWITH_ENVIRONMENT=\"$REACT_NATIVE_PATH/scripts/xcode/with-environment.sh\"\nREACT_NATIVE_XCODE=\"$REACT_NATIVE_PATH/scripts/react-native-xcode.sh\"\n\n/bin/sh -c \"$WITH_ENVIRONMENT $REACT_NATIVE_XCODE\"\n";
		};
		569EB8EC97686B20712480C9 /* [CP-User] [RNFB] Core Configuration */ = {
			isa = PBXShellScriptBuildPhase;
			buildActionMask = 8;
			files = (
			);
			inputPaths = (
				"$(BUILT_PRODUCTS_DIR)/$(INFOPLIST_PATH)",
			);
			name = "[CP-User] [RNFB] Core Configuration";
			runOnlyForDeploymentPostprocessing = 1;
			shellPath = /bin/sh;
			shellScript = "#!/usr/bin/env bash\n#\n# Copyright (c) 2016-present Invertase Limited & Contributors\n#\n# Licensed under the Apache License, Version 2.0 (the \"License\");\n# you may not use this library except in compliance with the License.\n# You may obtain a copy of the License at\n#\n#   http://www.apache.org/licenses/LICENSE-2.0\n#\n# Unless required by applicable law or agreed to in writing, software\n# distributed under the License is distributed on an \"AS IS\" BASIS,\n# WITHOUT WARRANTIES OR CONDITIONS OF ANY KIND, either express or implied.\n# See the License for the specific language governing permissions and\n# limitations under the License.\n#\n\n##########################################################################\n##########################################################################\n#\n#  NOTE THAT IF YOU CHANGE THIS FILE YOU MUST RUN pod install AFTERWARDS\n#\n#  This file is installed as an Xcode build script in the project file\n#  by cocoapods, and you will not see your changes until you pod install\n#\n##########################################################################\n##########################################################################\n\nset -e\n\n_MAX_LOOKUPS=2;\n_SEARCH_RESULT=''\n_RN_ROOT_EXISTS=''\n_CURRENT_LOOKUPS=1\n_JSON_ROOT=\"'react-native'\"\n_JSON_FILE_NAME='firebase.json'\n_JSON_OUTPUT_BASE64='e30=' # { }\n_CURRENT_SEARCH_DIR=${PROJECT_DIR}\n_PLIST_BUDDY=/usr/libexec/PlistBuddy\n_TARGET_PLIST=\"${BUILT_PRODUCTS_DIR}/${INFOPLIST_PATH}\"\n_DSYM_PLIST=\"${DWARF_DSYM_FOLDER_PATH}/${DWARF_DSYM_FILE_NAME}/Contents/Info.plist\"\n\n# plist arrays\n_PLIST_ENTRY_KEYS=()\n_PLIST_ENTRY_TYPES=()\n_PLIST_ENTRY_VALUES=()\n\nfunction setPlistValue {\n  echo \"info:      setting plist entry '$1' of type '$2' in file '$4'\"\n  ${_PLIST_BUDDY} -c \"Add :$1 $2 '$3'\" $4 || echo \"info:      '$1' already exists\"\n}\n\nfunction getFirebaseJsonKeyValue () {\n  if [[ ${_RN_ROOT_EXISTS} ]]; then\n    ruby -Ku -e \"require 'rubygems';require 'json'; output=JSON.parse('$1'); puts output[$_JSON_ROOT]['$2']\"\n  else\n    echo \"\"\n  fi;\n}\n\nfunction jsonBoolToYesNo () {\n  if [[ $1 == \"false\" ]]; then\n    echo \"NO\"\n  elif [[ $1 == \"true\" ]]; then\n    echo \"YES\"\n  else echo \"NO\"\n  fi\n}\n\necho \"info: -> RNFB build script started\"\necho \"info: 1) Locating ${_JSON_FILE_NAME} file:\"\n\nif [[ -z ${_CURRENT_SEARCH_DIR} ]]; then\n  _CURRENT_SEARCH_DIR=$(pwd)\nfi;\n\nwhile true; do\n  _CURRENT_SEARCH_DIR=$(dirname \"$_CURRENT_SEARCH_DIR\")\n  if [[ \"$_CURRENT_SEARCH_DIR\" == \"/\" ]] || [[ ${_CURRENT_LOOKUPS} -gt ${_MAX_LOOKUPS} ]]; then break; fi;\n  echo \"info:      ($_CURRENT_LOOKUPS of $_MAX_LOOKUPS) Searching in '$_CURRENT_SEARCH_DIR' for a ${_JSON_FILE_NAME} file.\"\n  _SEARCH_RESULT=$(find \"$_CURRENT_SEARCH_DIR\" -maxdepth 2 -name ${_JSON_FILE_NAME} -print | /usr/bin/head -n 1)\n  if [[ ${_SEARCH_RESULT} ]]; then\n    echo \"info:      ${_JSON_FILE_NAME} found at $_SEARCH_RESULT\"\n    break;\n  fi;\n  _CURRENT_LOOKUPS=$((_CURRENT_LOOKUPS+1))\ndone\n\nif [[ ${_SEARCH_RESULT} ]]; then\n  _JSON_OUTPUT_RAW=$(cat \"${_SEARCH_RESULT}\")\n  _RN_ROOT_EXISTS=$(ruby -Ku -e \"require 'rubygems';require 'json'; output=JSON.parse('$_JSON_OUTPUT_RAW'); puts output[$_JSON_ROOT]\" || echo '')\n\n  if [[ ${_RN_ROOT_EXISTS} ]]; then\n    if ! python3 --version >/dev/null 2>&1; then echo \"python3 not found, firebase.json file processing error.\" && exit 1; fi\n    _JSON_OUTPUT_BASE64=$(python3 -c 'import json,sys,base64;print(base64.b64encode(bytes(json.dumps(json.loads(open('\"'${_SEARCH_RESULT}'\"', '\"'rb'\"').read())['${_JSON_ROOT}']), '\"'utf-8'\"')).decode())' || echo \"e30=\")\n  fi\n\n  _PLIST_ENTRY_KEYS+=(\"firebase_json_raw\")\n  _PLIST_ENTRY_TYPES+=(\"string\")\n  _PLIST_ENTRY_VALUES+=(\"$_JSON_OUTPUT_BASE64\")\n\n  # config.app_data_collection_default_enabled\n  _APP_DATA_COLLECTION_ENABLED=$(getFirebaseJsonKeyValue \"$_JSON_OUTPUT_RAW\" \"app_data_collection_default_enabled\")\n  if [[ $_APP_DATA_COLLECTION_ENABLED ]]; then\n    _PLIST_ENTRY_KEYS+=(\"FirebaseDataCollectionDefaultEnabled\")\n    _PLIST_ENTRY_TYPES+=(\"bool\")\n    _PLIST_ENTRY_VALUES+=(\"$(jsonBoolToYesNo \"$_APP_DATA_COLLECTION_ENABLED\")\")\n  fi\n\n  # config.analytics_auto_collection_enabled\n  _ANALYTICS_AUTO_COLLECTION=$(getFirebaseJsonKeyValue \"$_JSON_OUTPUT_RAW\" \"analytics_auto_collection_enabled\")\n  if [[ $_ANALYTICS_AUTO_COLLECTION ]]; then\n    _PLIST_ENTRY_KEYS+=(\"FIREBASE_ANALYTICS_COLLECTION_ENABLED\")\n    _PLIST_ENTRY_TYPES+=(\"bool\")\n    _PLIST_ENTRY_VALUES+=(\"$(jsonBoolToYesNo \"$_ANALYTICS_AUTO_COLLECTION\")\")\n  fi\n\n  # config.analytics_collection_deactivated\n  _ANALYTICS_DEACTIVATED=$(getFirebaseJsonKeyValue \"$_JSON_OUTPUT_RAW\" \"analytics_collection_deactivated\")\n  if [[ $_ANALYTICS_DEACTIVATED ]]; then\n    _PLIST_ENTRY_KEYS+=(\"FIREBASE_ANALYTICS_COLLECTION_DEACTIVATED\")\n    _PLIST_ENTRY_TYPES+=(\"bool\")\n    _PLIST_ENTRY_VALUES+=(\"$(jsonBoolToYesNo \"$_ANALYTICS_DEACTIVATED\")\")\n  fi\n\n  # config.analytics_idfv_collection_enabled\n  _ANALYTICS_IDFV_COLLECTION=$(getFirebaseJsonKeyValue \"$_JSON_OUTPUT_RAW\" \"analytics_idfv_collection_enabled\")\n  if [[ $_ANALYTICS_IDFV_COLLECTION ]]; then\n    _PLIST_ENTRY_KEYS+=(\"GOOGLE_ANALYTICS_IDFV_COLLECTION_ENABLED\")\n    _PLIST_ENTRY_TYPES+=(\"bool\")\n    _PLIST_ENTRY_VALUES+=(\"$(jsonBoolToYesNo \"$_ANALYTICS_IDFV_COLLECTION\")\")\n  fi\n\n  # config.analytics_default_allow_analytics_storage\n  _ANALYTICS_STORAGE=$(getFirebaseJsonKeyValue \"$_JSON_OUTPUT_RAW\" \"analytics_default_allow_analytics_storage\")\n  if [[ $_ANALYTICS_STORAGE ]]; then\n    _PLIST_ENTRY_KEYS+=(\"GOOGLE_ANALYTICS_DEFAULT_ALLOW_ANALYTICS_STORAGE\")\n    _PLIST_ENTRY_TYPES+=(\"bool\")\n    _PLIST_ENTRY_VALUES+=(\"$(jsonBoolToYesNo \"$_ANALYTICS_STORAGE\")\")\n  fi\n\n  # config.analytics_default_allow_ad_storage\n  _ANALYTICS_AD_STORAGE=$(getFirebaseJsonKeyValue \"$_JSON_OUTPUT_RAW\" \"analytics_default_allow_ad_storage\")\n  if [[ $_ANALYTICS_AD_STORAGE ]]; then\n    _PLIST_ENTRY_KEYS+=(\"GOOGLE_ANALYTICS_DEFAULT_ALLOW_AD_STORAGE\")\n    _PLIST_ENTRY_TYPES+=(\"bool\")\n    _PLIST_ENTRY_VALUES+=(\"$(jsonBoolToYesNo \"$_ANALYTICS_AD_STORAGE\")\")\n  fi\n\n  # config.analytics_default_allow_ad_user_data\n  _ANALYTICS_AD_USER_DATA=$(getFirebaseJsonKeyValue \"$_JSON_OUTPUT_RAW\" \"analytics_default_allow_ad_user_data\")\n  if [[ $_ANALYTICS_AD_USER_DATA ]]; then\n    _PLIST_ENTRY_KEYS+=(\"GOOGLE_ANALYTICS_DEFAULT_ALLOW_AD_USER_DATA\")\n    _PLIST_ENTRY_TYPES+=(\"bool\")\n    _PLIST_ENTRY_VALUES+=(\"$(jsonBoolToYesNo \"$_ANALYTICS_AD_USER_DATA\")\")\n  fi\n\n  # config.analytics_default_allow_ad_personalization_signals\n  _ANALYTICS_PERSONALIZATION=$(getFirebaseJsonKeyValue \"$_JSON_OUTPUT_RAW\" \"analytics_default_allow_ad_personalization_signals\")\n  if [[ $_ANALYTICS_PERSONALIZATION ]]; then\n    _PLIST_ENTRY_KEYS+=(\"GOOGLE_ANALYTICS_DEFAULT_ALLOW_AD_PERSONALIZATION_SIGNALS\")\n    _PLIST_ENTRY_TYPES+=(\"bool\")\n    _PLIST_ENTRY_VALUES+=(\"$(jsonBoolToYesNo \"$_ANALYTICS_PERSONALIZATION\")\")\n  fi\n\n  # config.analytics_registration_with_ad_network_enabled\n  _ANALYTICS_REGISTRATION_WITH_AD_NETWORK=$(getFirebaseJsonKeyValue \"$_JSON_OUTPUT_RAW\" \"google_analytics_registration_with_ad_network_enabled\")\n  if [[ $_ANALYTICS_REGISTRATION_WITH_AD_NETWORK ]]; then\n    _PLIST_ENTRY_KEYS+=(\"GOOGLE_ANALYTICS_REGISTRATION_WITH_AD_NETWORK_ENABLED\")\n    _PLIST_ENTRY_TYPES+=(\"bool\")\n    _PLIST_ENTRY_VALUES+=(\"$(jsonBoolToYesNo \"$_ANALYTICS_REGISTRATION_WITH_AD_NETWORK\")\")\n  fi\n\n  # config.google_analytics_automatic_screen_reporting_enabled\n  _ANALYTICS_AUTO_SCREEN_REPORTING=$(getFirebaseJsonKeyValue \"$_JSON_OUTPUT_RAW\" \"google_analytics_automatic_screen_reporting_enabled\")\n  if [[ $_ANALYTICS_AUTO_SCREEN_REPORTING ]]; then\n    _PLIST_ENTRY_KEYS+=(\"FirebaseAutomaticScreenReportingEnabled\")\n    _PLIST_ENTRY_TYPES+=(\"bool\")\n    _PLIST_ENTRY_VALUES+=(\"$(jsonBoolToYesNo \"$_ANALYTICS_AUTO_SCREEN_REPORTING\")\")\n  fi\n\n  # config.perf_auto_collection_enabled\n  _PERF_AUTO_COLLECTION=$(getFirebaseJsonKeyValue \"$_JSON_OUTPUT_RAW\" \"perf_auto_collection_enabled\")\n  if [[ $_PERF_AUTO_COLLECTION ]]; then\n    _PLIST_ENTRY_KEYS+=(\"firebase_performance_collection_enabled\")\n    _PLIST_ENTRY_TYPES+=(\"bool\")\n    _PLIST_ENTRY_VALUES+=(\"$(jsonBoolToYesNo \"$_PERF_AUTO_COLLECTION\")\")\n  fi\n\n  # config.perf_collection_deactivated\n  _PERF_DEACTIVATED=$(getFirebaseJsonKeyValue \"$_JSON_OUTPUT_RAW\" \"perf_collection_deactivated\")\n  if [[ $_PERF_DEACTIVATED ]]; then\n    _PLIST_ENTRY_KEYS+=(\"firebase_performance_collection_deactivated\")\n    _PLIST_ENTRY_TYPES+=(\"bool\")\n    _PLIST_ENTRY_VALUES+=(\"$(jsonBoolToYesNo \"$_PERF_DEACTIVATED\")\")\n  fi\n\n  # config.messaging_auto_init_enabled\n  _MESSAGING_AUTO_INIT=$(getFirebaseJsonKeyValue \"$_JSON_OUTPUT_RAW\" \"messaging_auto_init_enabled\")\n  if [[ $_MESSAGING_AUTO_INIT ]]; then\n    _PLIST_ENTRY_KEYS+=(\"FirebaseMessagingAutoInitEnabled\")\n    _PLIST_ENTRY_TYPES+=(\"bool\")\n    _PLIST_ENTRY_VALUES+=(\"$(jsonBoolToYesNo \"$_MESSAGING_AUTO_INIT\")\")\n  fi\n\n  # config.in_app_messaging_auto_colllection_enabled\n  _FIAM_AUTO_INIT=$(getFirebaseJsonKeyValue \"$_JSON_OUTPUT_RAW\" \"in_app_messaging_auto_collection_enabled\")\n  if [[ $_FIAM_AUTO_INIT ]]; then\n    _PLIST_ENTRY_KEYS+=(\"FirebaseInAppMessagingAutomaticDataCollectionEnabled\")\n    _PLIST_ENTRY_TYPES+=(\"bool\")\n    _PLIST_ENTRY_VALUES+=(\"$(jsonBoolToYesNo \"$_FIAM_AUTO_INIT\")\")\n  fi\n\n  # config.app_check_token_auto_refresh\n  _APP_CHECK_TOKEN_AUTO_REFRESH=$(getFirebaseJsonKeyValue \"$_JSON_OUTPUT_RAW\" \"app_check_token_auto_refresh\")\n  if [[ $_APP_CHECK_TOKEN_AUTO_REFRESH ]]; then\n    _PLIST_ENTRY_KEYS+=(\"FirebaseAppCheckTokenAutoRefreshEnabled\")\n    _PLIST_ENTRY_TYPES+=(\"bool\")\n    _PLIST_ENTRY_VALUES+=(\"$(jsonBoolToYesNo \"$_APP_CHECK_TOKEN_AUTO_REFRESH\")\")\n  fi\n\n  # config.crashlytics_disable_auto_disabler - undocumented for now - mainly for debugging, document if becomes useful\n  _CRASHLYTICS_AUTO_DISABLE_ENABLED=$(getFirebaseJsonKeyValue \"$_JSON_OUTPUT_RAW\" \"crashlytics_disable_auto_disabler\")\n  if [[ $_CRASHLYTICS_AUTO_DISABLE_ENABLED == \"true\" ]]; then\n    echo \"Disabled Crashlytics auto disabler.\" # do nothing\n  else\n    _PLIST_ENTRY_KEYS+=(\"FirebaseCrashlyticsCollectionEnabled\")\n    _PLIST_ENTRY_TYPES+=(\"bool\")\n    _PLIST_ENTRY_VALUES+=(\"NO\")\n  fi\nelse\n  _PLIST_ENTRY_KEYS+=(\"firebase_json_raw\")\n  _PLIST_ENTRY_TYPES+=(\"string\")\n  _PLIST_ENTRY_VALUES+=(\"$_JSON_OUTPUT_BASE64\")\n  echo \"warning:   A firebase.json file was not found, whilst this file is optional it is recommended to include it to configure firebase services in React Native Firebase.\"\nfi;\n\necho \"info: 2) Injecting Info.plist entries: \"\n\n# Log out the keys we're adding\nfor i in \"${!_PLIST_ENTRY_KEYS[@]}\"; do\n  echo \"    ->  $i) ${_PLIST_ENTRY_KEYS[$i]}\" \"${_PLIST_ENTRY_TYPES[$i]}\" \"${_PLIST_ENTRY_VALUES[$i]}\"\ndone\n\nfor plist in \"${_TARGET_PLIST}\" \"${_DSYM_PLIST}\" ; do\n  if [[ -f \"${plist}\" ]]; then\n\n    # paths with spaces break the call to setPlistValue. temporarily modify\n    # the shell internal field separator variable (IFS), which normally\n    # includes spaces, to consist only of line breaks\n    oldifs=$IFS\n    IFS=\"\n\"\n\n    for i in \"${!_PLIST_ENTRY_KEYS[@]}\"; do\n      setPlistValue \"${_PLIST_ENTRY_KEYS[$i]}\" \"${_PLIST_ENTRY_TYPES[$i]}\" \"${_PLIST_ENTRY_VALUES[$i]}\" \"${plist}\"\n    done\n\n    # restore the original internal field separator value\n    IFS=$oldifs\n  else\n    echo \"warning:   A Info.plist build output file was not found (${plist})\"\n  fi\ndone\n\necho \"info: <- RNFB build script finished\"\n";
		};
		A55EABD7B0C7F3A422A6CC61 /* [CP] Check Pods Manifest.lock */ = {
			isa = PBXShellScriptBuildPhase;
			buildActionMask = 2147483647;
			files = (
			);
			inputFileListPaths = (
			);
			inputPaths = (
				"${PODS_PODFILE_DIR_PATH}/Podfile.lock",
				"${PODS_ROOT}/Manifest.lock",
			);
			name = "[CP] Check Pods Manifest.lock";
			outputFileListPaths = (
			);
			outputPaths = (
				"$(DERIVED_FILE_DIR)/Pods-MyDayPayDay-MyDayPayDayTests-checkManifestLockResult.txt",
			);
			runOnlyForDeploymentPostprocessing = 0;
			shellPath = /bin/sh;
			shellScript = "diff \"${PODS_PODFILE_DIR_PATH}/Podfile.lock\" \"${PODS_ROOT}/Manifest.lock\" > /dev/null\nif [ $? != 0 ] ; then\n    # print error to STDERR\n    echo \"error: The sandbox is not in sync with the Podfile.lock. Run 'pod install' or update your CocoaPods installation.\" >&2\n    exit 1\nfi\n# This output is used by Xcode 'outputs' to avoid re-running this script phase.\necho \"SUCCESS\" > \"${SCRIPT_OUTPUT_FILE_0}\"\n";
			showEnvVarsInLog = 0;
		};
		C38B50BA6285516D6DCD4F65 /* [CP] Check Pods Manifest.lock */ = {
			isa = PBXShellScriptBuildPhase;
			buildActionMask = 8;
			files = (
			);
			inputFileListPaths = (
			);
			inputPaths = (
				"${PODS_PODFILE_DIR_PATH}/Podfile.lock",
				"${PODS_ROOT}/Manifest.lock",
			);
			name = "[CP] Check Pods Manifest.lock";
			outputFileListPaths = (
			);
			outputPaths = (
				"$(DERIVED_FILE_DIR)/Pods-MyDayPayDay-checkManifestLockResult.txt",
			);
			runOnlyForDeploymentPostprocessing = 1;
			shellPath = /bin/sh;
			shellScript = "diff \"${PODS_PODFILE_DIR_PATH}/Podfile.lock\" \"${PODS_ROOT}/Manifest.lock\" > /dev/null\nif [ $? != 0 ] ; then\n    # print error to STDERR\n    echo \"error: The sandbox is not in sync with the Podfile.lock. Run 'pod install' or update your CocoaPods installation.\" >&2\n    exit 1\nfi\n# This output is used by Xcode 'outputs' to avoid re-running this script phase.\necho \"SUCCESS\" > \"${SCRIPT_OUTPUT_FILE_0}\"\n";
			showEnvVarsInLog = 0;
		};
		E235C05ADACE081382539298 /* [CP] Copy Pods Resources */ = {
			isa = PBXShellScriptBuildPhase;
			buildActionMask = 8;
			files = (
			);
			inputFileListPaths = (
				"${PODS_ROOT}/Target Support Files/Pods-MyDayPayDay/Pods-MyDayPayDay-resources-${CONFIGURATION}-input-files.xcfilelist",
			);
			name = "[CP] Copy Pods Resources";
			outputFileListPaths = (
				"${PODS_ROOT}/Target Support Files/Pods-MyDayPayDay/Pods-MyDayPayDay-resources-${CONFIGURATION}-output-files.xcfilelist",
			);
			runOnlyForDeploymentPostprocessing = 1;
			shellPath = /bin/sh;
			shellScript = "\"${PODS_ROOT}/Target Support Files/Pods-MyDayPayDay/Pods-MyDayPayDay-resources.sh\"\n";
			showEnvVarsInLog = 0;
		};
		F6A41C54EA430FDDC6A6ED99 /* [CP] Copy Pods Resources */ = {
			isa = PBXShellScriptBuildPhase;
			buildActionMask = 2147483647;
			files = (
			);
			inputFileListPaths = (
				"${PODS_ROOT}/Target Support Files/Pods-MyDayPayDay-MyDayPayDayTests/Pods-MyDayPayDay-MyDayPayDayTests-resources-${CONFIGURATION}-input-files.xcfilelist",
			);
			name = "[CP] Copy Pods Resources";
			outputFileListPaths = (
				"${PODS_ROOT}/Target Support Files/Pods-MyDayPayDay-MyDayPayDayTests/Pods-MyDayPayDay-MyDayPayDayTests-resources-${CONFIGURATION}-output-files.xcfilelist",
			);
			runOnlyForDeploymentPostprocessing = 0;
			shellPath = /bin/sh;
			shellScript = "\"${PODS_ROOT}/Target Support Files/Pods-MyDayPayDay-MyDayPayDayTests/Pods-MyDayPayDay-MyDayPayDayTests-resources.sh\"\n";
			showEnvVarsInLog = 0;
		};
/* End PBXShellScriptBuildPhase section */

/* Begin PBXSourcesBuildPhase section */
		00E356EA1AD99517003FC87E /* Sources */ = {
			isa = PBXSourcesBuildPhase;
			buildActionMask = 2147483647;
			files = (
				00E356F31AD99517003FC87E /* MyDayPayDayTests.m in Sources */,
			);
			runOnlyForDeploymentPostprocessing = 0;
		};
		13B07F871A680F5B00A75B9A /* Sources */ = {
			isa = PBXSourcesBuildPhase;
			buildActionMask = 2147483647;
			files = (
				13B07FBC1A68108700A75B9A /* AppDelegate.mm in Sources */,
				13B07FC11A68108700A75B9A /* main.m in Sources */,
			);
			runOnlyForDeploymentPostprocessing = 0;
		};
/* End PBXSourcesBuildPhase section */

/* Begin PBXTargetDependency section */
		00E356F51AD99517003FC87E /* PBXTargetDependency */ = {
			isa = PBXTargetDependency;
			target = 13B07F861A680F5B00A75B9A /* MyDayPayDay */;
			targetProxy = 00E356F41AD99517003FC87E /* PBXContainerItemProxy */;
		};
/* End PBXTargetDependency section */

/* Begin XCBuildConfiguration section */
		00E356F61AD99517003FC87E /* Debug */ = {
			isa = XCBuildConfiguration;
			baseConfigurationReference = 5B7EB9410499542E8C5724F5 /* Pods-MyDayPayDay-MyDayPayDayTests.debug.xcconfig */;
			buildSettings = {
				BUNDLE_LOADER = "$(TEST_HOST)";
				GCC_PREPROCESSOR_DEFINITIONS = (
					"DEBUG=1",
					"$(inherited)",
				);
				INFOPLIST_FILE = MyDayPayDayTests/Info.plist;
				IPHONEOS_DEPLOYMENT_TARGET = 13.4;
				LD_RUNPATH_SEARCH_PATHS = (
					"$(inherited)",
					"@executable_path/Frameworks",
					"@loader_path/Frameworks",
				);
				OTHER_LDFLAGS = (
					"-ObjC",
					"-lc++",
					"$(inherited)",
				);
				PRODUCT_BUNDLE_IDENTIFIER = com.mdpd;
				PRODUCT_NAME = "$(TARGET_NAME)";
				TEST_HOST = "$(BUILT_PRODUCTS_DIR)/MyDayPayDay.app/MyDayPayDay";
			};
			name = Debug;
		};
		00E356F71AD99517003FC87E /* Release */ = {
			isa = XCBuildConfiguration;
			baseConfigurationReference = 89C6BE57DB24E9ADA2F236DE /* Pods-MyDayPayDay-MyDayPayDayTests.release.xcconfig */;
			buildSettings = {
				BUNDLE_LOADER = "$(TEST_HOST)";
				COPY_PHASE_STRIP = NO;
				INFOPLIST_FILE = MyDayPayDayTests/Info.plist;
				IPHONEOS_DEPLOYMENT_TARGET = 13.4;
				LD_RUNPATH_SEARCH_PATHS = (
					"$(inherited)",
					"@executable_path/Frameworks",
					"@loader_path/Frameworks",
				);
				OTHER_LDFLAGS = (
					"-ObjC",
					"-lc++",
					"$(inherited)",
				);
				PRODUCT_BUNDLE_IDENTIFIER = com.mdpd;
				PRODUCT_NAME = "$(TARGET_NAME)";
				TEST_HOST = "$(BUILT_PRODUCTS_DIR)/MyDayPayDay.app/MyDayPayDay";
			};
			name = Release;
		};
		13B07F941A680F5B00A75B9A /* Debug */ = {
			isa = XCBuildConfiguration;
			baseConfigurationReference = 3B4392A12AC88292D35C810B /* Pods-MyDayPayDay.debug.xcconfig */;
			buildSettings = {
				ASSETCATALOG_COMPILER_APPICON_NAME = AppIcon;
				CLANG_ENABLE_MODULES = YES;
				CODE_SIGN_ENTITLEMENTS = MyDayPayDay/MyDayPayDay.entitlements;
				CURRENT_PROJECT_VERSION = 1;
				ENABLE_BITCODE = NO;
				ENABLE_USER_SCRIPT_SANDBOXING = NO;
				INFOPLIST_FILE = MyDayPayDay/Info.plist;
				LD_RUNPATH_SEARCH_PATHS = (
					"$(inherited)",
					"@executable_path/Frameworks",
				);
				MARKETING_VERSION = 1.0;
				OTHER_LDFLAGS = (
					"$(inherited)",
					"-ObjC",
					"-lc++",
				);
				PRODUCT_BUNDLE_IDENTIFIER = com.mdpd;
				PRODUCT_NAME = MyDayPayDay;
				SWIFT_OPTIMIZATION_LEVEL = "-Onone";
				SWIFT_VERSION = 5.0;
				VERSIONING_SYSTEM = "apple-generic";
			};
			name = Debug;
		};
		13B07F951A680F5B00A75B9A /* Release */ = {
			isa = XCBuildConfiguration;
			baseConfigurationReference = 5709B34CF0A7D63546082F79 /* Pods-MyDayPayDay.release.xcconfig */;
			buildSettings = {
				ASSETCATALOG_COMPILER_APPICON_NAME = AppIcon;
				CLANG_ENABLE_MODULES = YES;
				CODE_SIGN_ENTITLEMENTS = MyDayPayDay/MyDayPayDay.entitlements;
				CURRENT_PROJECT_VERSION = 1;
				ENABLE_USER_SCRIPT_SANDBOXING = NO;
				INFOPLIST_FILE = MyDayPayDay/Info.plist;
				LD_RUNPATH_SEARCH_PATHS = (
					"$(inherited)",
					"@executable_path/Frameworks",
				);
				MARKETING_VERSION = 1.0;
				OTHER_LDFLAGS = (
					"$(inherited)",
					"-ObjC",
					"-lc++",
				);
				PRODUCT_BUNDLE_IDENTIFIER = com.mdpd;
				PRODUCT_NAME = MyDayPayDay;
				SWIFT_VERSION = 5.0;
				VERSIONING_SYSTEM = "apple-generic";
			};
			name = Release;
		};
		83CBBA201A601CBA00E9B192 /* Debug */ = {
			isa = XCBuildConfiguration;
			buildSettings = {
				ALWAYS_SEARCH_USER_PATHS = NO;
				CC = "";
				CLANG_ANALYZER_LOCALIZABILITY_NONLOCALIZED = YES;
				CLANG_CXX_LANGUAGE_STANDARD = "c++20";
				CLANG_CXX_LIBRARY = "libc++";
				CLANG_ENABLE_MODULES = YES;
				CLANG_ENABLE_OBJC_ARC = YES;
				CLANG_WARN_BLOCK_CAPTURE_AUTORELEASING = YES;
				CLANG_WARN_BOOL_CONVERSION = YES;
				CLANG_WARN_COMMA = YES;
				CLANG_WARN_CONSTANT_CONVERSION = YES;
				CLANG_WARN_DEPRECATED_OBJC_IMPLEMENTATIONS = YES;
				CLANG_WARN_DIRECT_OBJC_ISA_USAGE = YES_ERROR;
				CLANG_WARN_EMPTY_BODY = YES;
				CLANG_WARN_ENUM_CONVERSION = YES;
				CLANG_WARN_INFINITE_RECURSION = YES;
				CLANG_WARN_INT_CONVERSION = YES;
				CLANG_WARN_NON_LITERAL_NULL_CONVERSION = YES;
				CLANG_WARN_OBJC_IMPLICIT_RETAIN_SELF = YES;
				CLANG_WARN_OBJC_LITERAL_CONVERSION = YES;
				CLANG_WARN_OBJC_ROOT_CLASS = YES_ERROR;
				CLANG_WARN_QUOTED_INCLUDE_IN_FRAMEWORK_HEADER = YES;
				CLANG_WARN_RANGE_LOOP_ANALYSIS = YES;
				CLANG_WARN_STRICT_PROTOTYPES = YES;
				CLANG_WARN_SUSPICIOUS_MOVE = YES;
				CLANG_WARN_UNREACHABLE_CODE = YES;
				CLANG_WARN__DUPLICATE_METHOD_MATCH = YES;
				"CODE_SIGN_IDENTITY[sdk=iphoneos*]" = "iPhone Developer";
				COPY_PHASE_STRIP = NO;
				CXX = "";
				ENABLE_STRICT_OBJC_MSGSEND = YES;
				ENABLE_TESTABILITY = YES;
				"EXCLUDED_ARCHS[sdk=*]" = "";
				GCC_C_LANGUAGE_STANDARD = gnu99;
				GCC_DYNAMIC_NO_PIC = NO;
				GCC_NO_COMMON_BLOCKS = YES;
				GCC_OPTIMIZATION_LEVEL = 0;
				GCC_PREPROCESSOR_DEFINITIONS = (
					"DEBUG=1",
					"$(inherited)",
				);
				GCC_SYMBOLS_PRIVATE_EXTERN = NO;
				GCC_WARN_64_TO_32_BIT_CONVERSION = YES;
				GCC_WARN_ABOUT_RETURN_TYPE = YES_ERROR;
				GCC_WARN_UNDECLARED_SELECTOR = YES;
				GCC_WARN_UNINITIALIZED_AUTOS = YES_AGGRESSIVE;
				GCC_WARN_UNUSED_FUNCTION = YES;
				GCC_WARN_UNUSED_VARIABLE = YES;
				IPHONEOS_DEPLOYMENT_TARGET = 13.4;
				LD = "";
				LDPLUSPLUS = "";
				LD_RUNPATH_SEARCH_PATHS = (
					/usr/lib/swift,
					"$(inherited)",
				);
				LIBRARY_SEARCH_PATHS = (
					"\"$(SDKROOT)/usr/lib/swift\"",
					"\"$(TOOLCHAIN_DIR)/usr/lib/swift/$(PLATFORM_NAME)\"",
					"\"$(inherited)\"",
				);
				MTL_ENABLE_DEBUG_INFO = YES;
				ONLY_ACTIVE_ARCH = YES;
				OTHER_CPLUSPLUSFLAGS = (
					"$(OTHER_CFLAGS)",
					"-DFOLLY_NO_CONFIG",
					"-DFOLLY_MOBILE=1",
					"-DFOLLY_USE_LIBCPP=1",
					"-DFOLLY_CFG_NO_COROUTINES=1",
					"-DFOLLY_HAVE_CLOCK_GETTIME=1",
				);
				OTHER_LDFLAGS = (
					"$(inherited)",
					" ",
				);
				REACT_NATIVE_PATH = "${PODS_ROOT}/../../node_modules/react-native";
				SDKROOT = iphoneos;
				USE_HERMES = false;
			};
			name = Debug;
		};
		83CBBA211A601CBA00E9B192 /* Release */ = {
			isa = XCBuildConfiguration;
			buildSettings = {
				ALWAYS_SEARCH_USER_PATHS = NO;
				CC = "";
				CLANG_ANALYZER_LOCALIZABILITY_NONLOCALIZED = YES;
				CLANG_CXX_LANGUAGE_STANDARD = "c++20";
				CLANG_CXX_LIBRARY = "libc++";
				CLANG_ENABLE_MODULES = YES;
				CLANG_ENABLE_OBJC_ARC = YES;
				CLANG_WARN_BLOCK_CAPTURE_AUTORELEASING = YES;
				CLANG_WARN_BOOL_CONVERSION = YES;
				CLANG_WARN_COMMA = YES;
				CLANG_WARN_CONSTANT_CONVERSION = YES;
				CLANG_WARN_DEPRECATED_OBJC_IMPLEMENTATIONS = YES;
				CLANG_WARN_DIRECT_OBJC_ISA_USAGE = YES_ERROR;
				CLANG_WARN_EMPTY_BODY = YES;
				CLANG_WARN_ENUM_CONVERSION = YES;
				CLANG_WARN_INFINITE_RECURSION = YES;
				CLANG_WARN_INT_CONVERSION = YES;
				CLANG_WARN_NON_LITERAL_NULL_CONVERSION = YES;
				CLANG_WARN_OBJC_IMPLICIT_RETAIN_SELF = YES;
				CLANG_WARN_OBJC_LITERAL_CONVERSION = YES;
				CLANG_WARN_OBJC_ROOT_CLASS = YES_ERROR;
				CLANG_WARN_QUOTED_INCLUDE_IN_FRAMEWORK_HEADER = YES;
				CLANG_WARN_RANGE_LOOP_ANALYSIS = YES;
				CLANG_WARN_STRICT_PROTOTYPES = YES;
				CLANG_WARN_SUSPICIOUS_MOVE = YES;
				CLANG_WARN_UNREACHABLE_CODE = YES;
				CLANG_WARN__DUPLICATE_METHOD_MATCH = YES;
				"CODE_SIGN_IDENTITY[sdk=iphoneos*]" = "iPhone Developer";
				COPY_PHASE_STRIP = YES;
				CXX = "";
				ENABLE_NS_ASSERTIONS = NO;
				ENABLE_STRICT_OBJC_MSGSEND = YES;
				"EXCLUDED_ARCHS[sdk=*]" = "";
				GCC_C_LANGUAGE_STANDARD = gnu99;
				GCC_NO_COMMON_BLOCKS = YES;
				GCC_WARN_64_TO_32_BIT_CONVERSION = YES;
				GCC_WARN_ABOUT_RETURN_TYPE = YES_ERROR;
				GCC_WARN_UNDECLARED_SELECTOR = YES;
				GCC_WARN_UNINITIALIZED_AUTOS = YES_AGGRESSIVE;
				GCC_WARN_UNUSED_FUNCTION = YES;
				GCC_WARN_UNUSED_VARIABLE = YES;
				IPHONEOS_DEPLOYMENT_TARGET = 13.4;
				LD = "";
				LDPLUSPLUS = "";
				LD_RUNPATH_SEARCH_PATHS = (
					/usr/lib/swift,
					"$(inherited)",
				);
				LIBRARY_SEARCH_PATHS = (
					"\"$(SDKROOT)/usr/lib/swift\"",
					"\"$(TOOLCHAIN_DIR)/usr/lib/swift/$(PLATFORM_NAME)\"",
					"\"$(inherited)\"",
				);
				MTL_ENABLE_DEBUG_INFO = NO;
				ONLY_ACTIVE_ARCH = YES;
				OTHER_CPLUSPLUSFLAGS = (
					"$(OTHER_CFLAGS)",
					"-DFOLLY_NO_CONFIG",
					"-DFOLLY_MOBILE=1",
					"-DFOLLY_USE_LIBCPP=1",
					"-DFOLLY_CFG_NO_COROUTINES=1",
					"-DFOLLY_HAVE_CLOCK_GETTIME=1",
				);
				OTHER_LDFLAGS = (
					"$(inherited)",
					" ",
				);
				REACT_NATIVE_PATH = "${PODS_ROOT}/../../node_modules/react-native";
				SDKROOT = iphoneos;
				USE_HERMES = false;
				VALIDATE_PRODUCT = YES;
			};
			name = Release;
		};
/* End XCBuildConfiguration section */

/* Begin XCConfigurationList section */
		00E357021AD99517003FC87E /* Build configuration list for PBXNativeTarget "MyDayPayDayTests" */ = {
			isa = XCConfigurationList;
			buildConfigurations = (
				00E356F61AD99517003FC87E /* Debug */,
				00E356F71AD99517003FC87E /* Release */,
			);
			defaultConfigurationIsVisible = 0;
			defaultConfigurationName = Release;
		};
		13B07F931A680F5B00A75B9A /* Build configuration list for PBXNativeTarget "MyDayPayDay" */ = {
			isa = XCConfigurationList;
			buildConfigurations = (
				13B07F941A680F5B00A75B9A /* Debug */,
				13B07F951A680F5B00A75B9A /* Release */,
			);
			defaultConfigurationIsVisible = 0;
			defaultConfigurationName = Release;
		};
		83CBB9FA1A601CBA00E9B192 /* Build configuration list for PBXProject "MyDayPayDay" */ = {
			isa = XCConfigurationList;
			buildConfigurations = (
				83CBBA201A601CBA00E9B192 /* Debug */,
				83CBBA211A601CBA00E9B192 /* Release */,
			);
			defaultConfigurationIsVisible = 0;
			defaultConfigurationName = Release;
		};
/* End XCConfigurationList section */
	};
	rootObject = 83CBB9F71A601CBA00E9B192 /* Project object */;
}
